
Microsoft Visual Studio Solution File, Format Version 12.00
# Visual Studio Version 16
VisualStudioVersion = 16.0.31624.102
MinimumVisualStudioVersion = 10.0.40219.1
Project("{FAE04EC0-301F-11D3-BF4B-00C04F79EFBC}") = "EducationalTasksForJuniorDevelopers", "EducationalTasksForJuniorDevelopers\EducationalTasksForJuniorDevelopers.csproj", "{B99955AE-D15C-4E6B-8358-73F0550D0409}"
EndProject
Global
	GlobalSection(SolutionConfigurationPlatforms) = preSolution
		Debug|Any CPU = Debug|Any CPU
		Release|Any CPU = Release|Any CPU
	EndGlobalSection
	GlobalSection(ProjectConfigurationPlatforms) = postSolution
		{B99955AE-D15C-4E6B-8358-73F0550D0409}.Debug|Any CPU.ActiveCfg = Debug|Any CPU
		{B99955AE-D15C-4E6B-8358-73F0550D0409}.Debug|Any CPU.Build.0 = Debug|Any CPU
		{B99955AE-D15C-4E6B-8358-73F0550D0409}.Release|Any CPU.ActiveCfg = Release|Any CPU
		{B99955AE-D15C-4E6B-8358-73F0550D0409}.Release|Any CPU.Build.0 = Release|Any CPU
	EndGlobalSection
	GlobalSection(SolutionProperties) = preSolution
		HideSolutionNode = FALSE
	EndGlobalSection
	GlobalSection(ExtensibilityGlobals) = postSolution
		SolutionGuid = {DF85980A-69C8-4B47-9907-CE309E124575}
	EndGlobalSection
EndGlobal
